
Microsoft Visual Studio Solution File, Format Version 12.00
# Visual Studio Version 17
VisualStudioVersion = 17.2.32602.215
MinimumVisualStudioVersion = 10.0.40219.1
Project("{FAE04EC0-301F-11D3-BF4B-00C04F79EFBC}") = "CleanAddress", "CleanAddress\CleanAddress.csproj", "{C6F838B3-D3F3-40EF-ADDC-DBDB5EC8DAD3}"
EndProject
Project("{FAE04EC0-301F-11D3-BF4B-00C04F79EFBC}") = "CleanAddress.Dadata.Client", "CleanAddress.Dadata.Client\CleanAddress.Dadata.Client.csproj", "{8CBE3E81-3F6D-4C30-BB09-FE0FB7520477}"
EndProject
Global
	GlobalSection(SolutionConfigurationPlatforms) = preSolution
		Debug|Any CPU = Debug|Any CPU
		Release|Any CPU = Release|Any CPU
	EndGlobalSection
	GlobalSection(ProjectConfigurationPlatforms) = postSolution
		{C6F838B3-D3F3-40EF-ADDC-DBDB5EC8DAD3}.Debug|Any CPU.ActiveCfg = Debug|Any CPU
		{C6F838B3-D3F3-40EF-ADDC-DBDB5EC8DAD3}.Debug|Any CPU.Build.0 = Debug|Any CPU
		{C6F838B3-D3F3-40EF-ADDC-DBDB5EC8DAD3}.Release|Any CPU.ActiveCfg = Release|Any CPU
		{C6F838B3-D3F3-40EF-ADDC-DBDB5EC8DAD3}.Release|Any CPU.Build.0 = Release|Any CPU
		{8CBE3E81-3F6D-4C30-BB09-FE0FB7520477}.Debug|Any CPU.ActiveCfg = Debug|Any CPU
		{8CBE3E81-3F6D-4C30-BB09-FE0FB7520477}.Debug|Any CPU.Build.0 = Debug|Any CPU
		{8CBE3E81-3F6D-4C30-BB09-FE0FB7520477}.Release|Any CPU.ActiveCfg = Release|Any CPU
		{8CBE3E81-3F6D-4C30-BB09-FE0FB7520477}.Release|Any CPU.Build.0 = Release|Any CPU
	EndGlobalSection
	GlobalSection(SolutionProperties) = preSolution
		HideSolutionNode = FALSE
	EndGlobalSection
	GlobalSection(ExtensibilityGlobals) = postSolution
		SolutionGuid = {6A678A75-D84B-4162-9E8F-C0BE34370E49}
	EndGlobalSection
EndGlobal
